
Microsoft Visual Studio Solution File, Format Version 12.00
Project("{FAE04EC0-301F-11D3-BF4B-00C04F79EFBC}") = "CommSchool-Final-Project-2", "CommSchool-Final-Project-2\CommSchool-Final-Project-2.csproj", "{E46D7141-4456-4C9E-875A-AE018A75AB8C}"
EndProject
Project("{FAE04EC0-301F-11D3-BF4B-00C04F79EFBC}") = "CommSchool-Final-Project-2.Data", "CommSchool-Final-Project-2.Data\CommSchool-Final-Project-2.Data.csproj", "{C19994A3-E4EC-4D9A-8B26-4A5C3635BFB6}"
EndProject
Project("{FAE04EC0-301F-11D3-BF4B-00C04F79EFBC}") = "CommSchool-Final-Project-2.Domain", "CommSchool-Final-Project-2.Domain\CommSchool-Final-Project-2.Domain.csproj", "{95BD21C9-BD40-4312-A609-CC27C1991EBD}"
EndProject
Global
	GlobalSection(SolutionConfigurationPlatforms) = preSolution
		Debug|Any CPU = Debug|Any CPU
		Release|Any CPU = Release|Any CPU
	EndGlobalSection
	GlobalSection(ProjectConfigurationPlatforms) = postSolution
		{E46D7141-4456-4C9E-875A-AE018A75AB8C}.Debug|Any CPU.ActiveCfg = Debug|Any CPU
		{E46D7141-4456-4C9E-875A-AE018A75AB8C}.Debug|Any CPU.Build.0 = Debug|Any CPU
		{E46D7141-4456-4C9E-875A-AE018A75AB8C}.Release|Any CPU.ActiveCfg = Release|Any CPU
		{E46D7141-4456-4C9E-875A-AE018A75AB8C}.Release|Any CPU.Build.0 = Release|Any CPU
		{C19994A3-E4EC-4D9A-8B26-4A5C3635BFB6}.Debug|Any CPU.ActiveCfg = Debug|Any CPU
		{C19994A3-E4EC-4D9A-8B26-4A5C3635BFB6}.Debug|Any CPU.Build.0 = Debug|Any CPU
		{C19994A3-E4EC-4D9A-8B26-4A5C3635BFB6}.Release|Any CPU.ActiveCfg = Release|Any CPU
		{C19994A3-E4EC-4D9A-8B26-4A5C3635BFB6}.Release|Any CPU.Build.0 = Release|Any CPU
		{95BD21C9-BD40-4312-A609-CC27C1991EBD}.Debug|Any CPU.ActiveCfg = Debug|Any CPU
		{95BD21C9-BD40-4312-A609-CC27C1991EBD}.Debug|Any CPU.Build.0 = Debug|Any CPU
		{95BD21C9-BD40-4312-A609-CC27C1991EBD}.Release|Any CPU.ActiveCfg = Release|Any CPU
		{95BD21C9-BD40-4312-A609-CC27C1991EBD}.Release|Any CPU.Build.0 = Release|Any CPU
	EndGlobalSection
EndGlobal
